{
  "name": "@steinv/ngx-dialog",
  "version": "0.0.5",
  "lockfileVersion": 2,
  "requires": true,
  "packages": {
    "": {
      "name": "@steinv/ngx-dialog",
      "version": "0.0.5",
      "license": "MIT",
      "dependencies": {
        "tslib": "^2.3.0"
      },
      "peerDependencies": {
        "@angular/cdk": "^13.0.0 || ^14.0.0 || ^15.0.0",
        "@angular/common": "^13.0.0 || ^14.0.0 ||  ^15.0.0",
        "@angular/core": "^13.0.0 || ^14.0.0 || ^15.0.0"
      }
    },
    "node_modules/@angular/cdk": {
      "version": "13.2.1",
      "resolved": "https://registry.npmjs.org/@angular/cdk/-/cdk-13.2.1.tgz",
      "integrity": "sha512-AjEn4Mk2ow2i8pw0T9F/C/bKFrnUqzlvOGfFkoMgZHp5r3yhDb5DbVRS1/fGScAbY8Pzln49r1maKdrE8DGUbg==",
      "peer": true,
      "dependencies": {
        "tslib": "^2.3.0"
      },
      "optionalDependencies": {
        "parse5": "^5.0.0"
      },
      "peerDependencies": {
        "@angular/common": "^13.0.0 || ^14.0.0-0",
        "@angular/core": "^13.0.0 || ^14.0.0-0",
        "rxjs": "^6.5.3 || ^7.4.0"
      }
    },
    "node_modules/@angular/common": {
      "version": "13.2.1",
      "resolved": "https://registry.npmjs.org/@angular/common/-/common-13.2.1.tgz",
      "integrity": "sha512-LQgN4thG0NGPG+orKg7/2JiYCKjtZ1T2NKFwRt3dHYbNiHdwNCxkwZPqW1BMSpN6la/QB6aLTkuMV52t2S8FmA==",
      "peer": true,
      "dependencies": {
        "tslib": "^2.3.0"
      },
      "engines": {
        "node": "^12.20.0 || ^14.15.0 || >=16.10.0"
      },
      "peerDependencies": {
        "@angular/core": "13.2.1",
        "rxjs": "^6.5.3 || ^7.4.0"
      }
    },
    "node_modules/@angular/core": {
      "version": "13.2.1",
      "resolved": "https://registry.npmjs.org/@angular/core/-/core-13.2.1.tgz",
      "integrity": "sha512-+V/ZUuMqXDXM5Moo9wWbkM9O55POqAyP0oECoYvVStCDLDXGfWGOSysJIbsp07dsoEx8/kmKWV7Q7ZdHMTVvJg==",
      "peer": true,
      "dependencies": {
        "tslib": "^2.3.0"
      },
      "engines": {
        "node": "^12.20.0 || ^14.15.0 || >=16.10.0"
      },
      "peerDependencies": {
        "rxjs": "^6.5.3 || ^7.4.0",
        "zone.js": "~0.11.4"
      }
    },
    "node_modules/parse5": {
      "version": "5.1.1",
      "resolved": "https://registry.npmjs.org/parse5/-/parse5-5.1.1.tgz",
      "integrity": "sha512-ugq4DFI0Ptb+WWjAdOK16+u/nHfiIrcE+sh8kZMaM0WllQKLI9rOUq6c2b7cwPkXdzfQESqvoqK6ug7U/Yyzug==",
      "optional": true,
      "peer": true
    },
    "node_modules/rxjs": {
      "version": "7.5.2",
      "resolved": "https://registry.npmjs.org/rxjs/-/rxjs-7.5.2.tgz",
      "integrity": "sha512-PwDt186XaL3QN5qXj/H9DGyHhP3/RYYgZZwqBv9Tv8rsAaiwFH1IsJJlcgD37J7UW5a6O67qX0KWKS3/pu0m4w==",
      "peer": true,
      "dependencies": {
        "tslib": "^2.1.0"
      }
    },
    "node_modules/tslib": {
      "version": "2.3.1",
      "resolved": "https://registry.npmjs.org/tslib/-/tslib-2.3.1.tgz",
      "integrity": "sha512-77EbyPPpMz+FRFRuAFlWMtmgUWGe9UOG2Z25NqCwiIjRhOf5iKGuzSe5P2w1laq+FkRy4p+PCuVkJSGkzTEKVw=="
    },
    "node_modules/zone.js": {
      "version": "0.11.4",
      "resolved": "https://registry.npmjs.org/zone.js/-/zone.js-0.11.4.tgz",
      "integrity": "sha512-DDh2Ab+A/B+9mJyajPjHFPWfYU1H+pdun4wnnk0OcQTNjem1XQSZ2CDW+rfZEUDjv5M19SBqAkjZi0x5wuB5Qw==",
      "peer": true,
      "dependencies": {
        "tslib": "^2.0.0"
      }
    }
  },
  "dependencies": {
    "@angular/cdk": {
      "version": "13.2.1",
      "resolved": "https://registry.npmjs.org/@angular/cdk/-/cdk-13.2.1.tgz",
      "integrity": "sha512-AjEn4Mk2ow2i8pw0T9F/C/bKFrnUqzlvOGfFkoMgZHp5r3yhDb5DbVRS1/fGScAbY8Pzln49r1maKdrE8DGUbg==",
      "peer": true,
      "requires": {
        "parse5": "^5.0.0",
        "tslib": "^2.3.0"
      }
    },
    "@angular/common": {
      "version": "13.2.1",
      "resolved": "https://registry.npmjs.org/@angular/common/-/common-13.2.1.tgz",
      "integrity": "sha512-LQgN4thG0NGPG+orKg7/2JiYCKjtZ1T2NKFwRt3dHYbNiHdwNCxkwZPqW1BMSpN6la/QB6aLTkuMV52t2S8FmA==",
      "peer": true,
      "requires": {
        "tslib": "^2.3.0"
      }
    },
    "@angular/core": {
      "version": "13.2.1",
      "resolved": "https://registry.npmjs.org/@angular/core/-/core-13.2.1.tgz",
      "integrity": "sha512-+V/ZUuMqXDXM5Moo9wWbkM9O55POqAyP0oECoYvVStCDLDXGfWGOSysJIbsp07dsoEx8/kmKWV7Q7ZdHMTVvJg==",
      "peer": true,
      "requires": {
        "tslib": "^2.3.0"
      }
    },
    "parse5": {
      "version": "5.1.1",
      "resolved": "https://registry.npmjs.org/parse5/-/parse5-5.1.1.tgz",
      "integrity": "sha512-ugq4DFI0Ptb+WWjAdOK16+u/nHfiIrcE+sh8kZMaM0WllQKLI9rOUq6c2b7cwPkXdzfQESqvoqK6ug7U/Yyzug==",
      "optional": true,
      "peer": true
    },
    "rxjs": {
      "version": "7.5.2",
      "resolved": "https://registry.npmjs.org/rxjs/-/rxjs-7.5.2.tgz",
      "integrity": "sha512-PwDt186XaL3QN5qXj/H9DGyHhP3/RYYgZZwqBv9Tv8rsAaiwFH1IsJJlcgD37J7UW5a6O67qX0KWKS3/pu0m4w==",
      "peer": true,
      "requires": {
        "tslib": "^2.1.0"
      }
    },
    "tslib": {
      "version": "2.3.1",
      "resolved": "https://registry.npmjs.org/tslib/-/tslib-2.3.1.tgz",
      "integrity": "sha512-77EbyPPpMz+FRFRuAFlWMtmgUWGe9UOG2Z25NqCwiIjRhOf5iKGuzSe5P2w1laq+FkRy4p+PCuVkJSGkzTEKVw=="
    },
    "zone.js": {
      "version": "0.11.4",
      "resolved": "https://registry.npmjs.org/zone.js/-/zone.js-0.11.4.tgz",
      "integrity": "sha512-DDh2Ab+A/B+9mJyajPjHFPWfYU1H+pdun4wnnk0OcQTNjem1XQSZ2CDW+rfZEUDjv5M19SBqAkjZi0x5wuB5Qw==",
      "peer": true,
      "requires": {
        "tslib": "^2.0.0"
      }
    }
  }
}
