{
  "name": "@steinv/ngx-dialog",
  "version": "0.0.9",
  "lockfileVersion": 2,
  "requires": true,
  "packages": {
    "": {
      "name": "@steinv/ngx-dialog",
      "version": "0.0.9",
      "license": "MIT",
      "dependencies": {
        "tslib": "^2.6.0"
      },
      "peerDependencies": {
        "@angular/cdk": ">=18.0.0",
        "@angular/common": ">=18.0.0",
        "@angular/core": ">=18.0.0"
      }
    },
    "node_modules/@angular/cdk": {
      "version": "18.0.3",
      "resolved": "https://registry.npmjs.org/@angular/cdk/-/cdk-18.0.3.tgz",
      "integrity": "sha512-F6kXAoIWUbvhvbSGnMxrKJZsI7rhGKDXVFFf9m+ZQAbqboSyDbbszux7Em4CEh27LaXYNFltUcKdCQ3hdp7Kig==",
      "license": "MIT",
      "peer": true,
      "dependencies": {
        "tslib": "^2.3.0"
      },
      "optionalDependencies": {
        "parse5": "^7.1.2"
      },
      "peerDependencies": {
        "@angular/common": "^18.0.0 || ^19.0.0",
        "@angular/core": "^18.0.0 || ^19.0.0",
        "rxjs": "^6.5.3 || ^7.4.0"
      }
    },
    "node_modules/@angular/common": {
      "version": "18.0.3",
      "resolved": "https://registry.npmjs.org/@angular/common/-/common-18.0.3.tgz",
      "integrity": "sha512-lmT9QbWHduqzpsB0osQFHeSwvQB1iUeNwTVUyMtcs6i46l4qOPtAt2/9DvHUWEUp01EBDxyi385ZI3vD+FHH/w==",
      "license": "MIT",
      "peer": true,
      "dependencies": {
        "tslib": "^2.3.0"
      },
      "engines": {
        "node": "^18.19.1 || ^20.11.1 || >=22.0.0"
      },
      "peerDependencies": {
        "@angular/core": "18.0.3",
        "rxjs": "^6.5.3 || ^7.4.0"
      }
    },
    "node_modules/@angular/core": {
      "version": "18.0.3",
      "resolved": "https://registry.npmjs.org/@angular/core/-/core-18.0.3.tgz",
      "integrity": "sha512-376hijhEqNpeA+qKncpVTIaZXRdBT6RctEBnFhJ2l57aHPH5S3oaSBQu1k3TEi07FlKOD4XF1+NzX9dvdup1eg==",
      "license": "MIT",
      "peer": true,
      "dependencies": {
        "tslib": "^2.3.0"
      },
      "engines": {
        "node": "^18.19.1 || ^20.11.1 || >=22.0.0"
      },
      "peerDependencies": {
        "rxjs": "^6.5.3 || ^7.4.0",
        "zone.js": "~0.14.0"
      }
    },
    "node_modules/entities": {
      "version": "4.5.0",
      "resolved": "https://registry.npmjs.org/entities/-/entities-4.5.0.tgz",
      "integrity": "sha512-V0hjH4dGPh9Ao5p0MoRY6BVqtwCjhz6vI5LT8AJ55H+4g9/4vbHx1I54fS0XuclLhDHArPQCiMjDxjaL8fPxhw==",
      "license": "BSD-2-Clause",
      "optional": true,
      "peer": true,
      "engines": {
        "node": ">=0.12"
      },
      "funding": {
        "url": "https://github.com/fb55/entities?sponsor=1"
      }
    },
    "node_modules/parse5": {
      "version": "7.1.2",
      "resolved": "https://registry.npmjs.org/parse5/-/parse5-7.1.2.tgz",
      "integrity": "sha512-Czj1WaSVpaoj0wbhMzLmWD69anp2WH7FXMB9n1Sy8/ZFF9jolSQVMu1Ij5WIyGmcBmhk7EOndpO4mIpihVqAXw==",
      "license": "MIT",
      "optional": true,
      "peer": true,
      "dependencies": {
        "entities": "^4.4.0"
      },
      "funding": {
        "url": "https://github.com/inikulin/parse5?sponsor=1"
      }
    },
    "node_modules/rxjs": {
      "version": "7.8.1",
      "resolved": "https://registry.npmjs.org/rxjs/-/rxjs-7.8.1.tgz",
      "integrity": "sha512-AA3TVj+0A2iuIoQkWEK/tqFjBq2j+6PO6Y0zJcvzLAFhEFIO3HL0vls9hWLncZbAAbK0mar7oZ4V079I/qPMxg==",
      "license": "Apache-2.0",
      "peer": true,
      "dependencies": {
        "tslib": "^2.1.0"
      }
    },
    "node_modules/tslib": {
      "version": "2.6.3",
      "resolved": "https://registry.npmjs.org/tslib/-/tslib-2.6.3.tgz",
      "integrity": "sha512-xNvxJEOUiWPGhUuUdQgAJPKOOJfGnIyKySOc09XkKsgdUV/3E2zvwZYdejjmRgPCgcym1juLH3226yA7sEFJKQ==",
      "license": "0BSD"
    },
    "node_modules/zone.js": {
      "version": "0.14.7",
      "resolved": "https://registry.npmjs.org/zone.js/-/zone.js-0.14.7.tgz",
      "integrity": "sha512-0w6DGkX2BPuiK/NLf+4A8FLE43QwBfuqz2dVgi/40Rj1WmqUskCqj329O/pwrqFJLG5X8wkeG2RhIAro441xtg==",
      "license": "MIT",
      "peer": true
    }
  },
  "dependencies": {
    "@angular/cdk": {
      "version": "18.0.3",
      "resolved": "https://registry.npmjs.org/@angular/cdk/-/cdk-18.0.3.tgz",
      "integrity": "sha512-F6kXAoIWUbvhvbSGnMxrKJZsI7rhGKDXVFFf9m+ZQAbqboSyDbbszux7Em4CEh27LaXYNFltUcKdCQ3hdp7Kig==",
      "peer": true,
      "requires": {
        "parse5": "^7.1.2",
        "tslib": "^2.3.0"
      }
    },
    "@angular/common": {
      "version": "18.0.3",
      "resolved": "https://registry.npmjs.org/@angular/common/-/common-18.0.3.tgz",
      "integrity": "sha512-lmT9QbWHduqzpsB0osQFHeSwvQB1iUeNwTVUyMtcs6i46l4qOPtAt2/9DvHUWEUp01EBDxyi385ZI3vD+FHH/w==",
      "peer": true,
      "requires": {
        "tslib": "^2.3.0"
      }
    },
    "@angular/core": {
      "version": "18.0.3",
      "resolved": "https://registry.npmjs.org/@angular/core/-/core-18.0.3.tgz",
      "integrity": "sha512-376hijhEqNpeA+qKncpVTIaZXRdBT6RctEBnFhJ2l57aHPH5S3oaSBQu1k3TEi07FlKOD4XF1+NzX9dvdup1eg==",
      "peer": true,
      "requires": {
        "tslib": "^2.3.0"
      }
    },
    "entities": {
      "version": "4.5.0",
      "resolved": "https://registry.npmjs.org/entities/-/entities-4.5.0.tgz",
      "integrity": "sha512-V0hjH4dGPh9Ao5p0MoRY6BVqtwCjhz6vI5LT8AJ55H+4g9/4vbHx1I54fS0XuclLhDHArPQCiMjDxjaL8fPxhw==",
      "optional": true,
      "peer": true
    },
    "parse5": {
      "version": "7.1.2",
      "resolved": "https://registry.npmjs.org/parse5/-/parse5-7.1.2.tgz",
      "integrity": "sha512-Czj1WaSVpaoj0wbhMzLmWD69anp2WH7FXMB9n1Sy8/ZFF9jolSQVMu1Ij5WIyGmcBmhk7EOndpO4mIpihVqAXw==",
      "optional": true,
      "peer": true,
      "requires": {
        "entities": "^4.4.0"
      }
    },
    "rxjs": {
      "version": "7.8.1",
      "resolved": "https://registry.npmjs.org/rxjs/-/rxjs-7.8.1.tgz",
      "integrity": "sha512-AA3TVj+0A2iuIoQkWEK/tqFjBq2j+6PO6Y0zJcvzLAFhEFIO3HL0vls9hWLncZbAAbK0mar7oZ4V079I/qPMxg==",
      "peer": true,
      "requires": {
        "tslib": "^2.1.0"
      }
    },
    "tslib": {
      "version": "2.6.3",
      "resolved": "https://registry.npmjs.org/tslib/-/tslib-2.6.3.tgz",
      "integrity": "sha512-xNvxJEOUiWPGhUuUdQgAJPKOOJfGnIyKySOc09XkKsgdUV/3E2zvwZYdejjmRgPCgcym1juLH3226yA7sEFJKQ=="
    },
    "zone.js": {
      "version": "0.14.7",
      "resolved": "https://registry.npmjs.org/zone.js/-/zone.js-0.14.7.tgz",
      "integrity": "sha512-0w6DGkX2BPuiK/NLf+4A8FLE43QwBfuqz2dVgi/40Rj1WmqUskCqj329O/pwrqFJLG5X8wkeG2RhIAro441xtg==",
      "peer": true
    }
  }
}
